
Microsoft Visual Studio Solution File, Format Version 12.00
# Visual Studio 15
VisualStudioVersion = 15.0.26730.16
MinimumVisualStudioVersion = 10.0.40219.1
Project("{FAE04EC0-301F-11D3-BF4B-00C04F79EFBC}") = "Demo01-Basics", "Demo01-Basics\Demo01-Basics.csproj", "{AD2C4845-6C6D-4ABC-812B-CC0350D0E61B}"
EndProject
Global
	GlobalSection(SolutionConfigurationPlatforms) = preSolution
		Debug|Any CPU = Debug|Any CPU
		Release|Any CPU = Release|Any CPU
	EndGlobalSection
	GlobalSection(ProjectConfigurationPlatforms) = postSolution
		{AD2C4845-6C6D-4ABC-812B-CC0350D0E61B}.Debug|Any CPU.ActiveCfg = Debug|Any CPU
		{AD2C4845-6C6D-4ABC-812B-CC0350D0E61B}.Debug|Any CPU.Build.0 = Debug|Any CPU
		{AD2C4845-6C6D-4ABC-812B-CC0350D0E61B}.Release|Any CPU.ActiveCfg = Release|Any CPU
		{AD2C4845-6C6D-4ABC-812B-CC0350D0E61B}.Release|Any CPU.Build.0 = Release|Any CPU
	EndGlobalSection
	GlobalSection(SolutionProperties) = preSolution
		HideSolutionNode = FALSE
	EndGlobalSection
	GlobalSection(ExtensibilityGlobals) = postSolution
		SolutionGuid = {1BFAC030-3305-4875-A4B6-737F41D085F5}
	EndGlobalSection
EndGlobal
